{
    "_meta": {
        "hash": {
            "sha256": "10f8517947deb835bcf0a762283cf3bcff1a36eec726585c1bc680312e8341b7"
        },
        "pipfile-spec": 6,
        "requires": {
            "python_version": "3.10"
        },
        "sources": [
            {
                "name": "pypi",
                "url": "https://pypi.org/simple",
                "verify_ssl": true
            }
        ]
    },
    "default": {
        "docopt": {
            "hashes": [
                "sha256:49b3a825280bd66b3aa83585ef59c4a8c82f2c8a522dbe754a8bc8d08c85c491"
            ],
            "version": "==0.6.2"
        },
        "num2words": {
            "hashes": [
                "sha256:7e7c0b0f080405aa3a1dd9d32b1ca90b3bf03bab17b8e54db05e1b78301a0988",
                "sha256:9eeef488658226ab36818c06d7aeb956d19b530fb62030596b6802fb4659f30e"
            ],
            "index": "pypi",
            "version": "==0.5.12"
        }
    },
    "develop": {}
}
